
Microsoft Visual Studio Solution File, Format Version 12.00
# Visual Studio 15
VisualStudioVersion = 15.0.26124.0
MinimumVisualStudioVersion = 15.0.26124.0
Project("{FAE04EC0-301F-11D3-BF4B-00C04F79EFBC}") = "MVale.Core.Utils", "MVale.Core.Utils\MVale.Core.Utils.csproj", "{2B1167D1-2A42-4F7C-8ED0-5AD7E38D69AA}"
EndProject
Project("{FAE04EC0-301F-11D3-BF4B-00C04F79EFBC}") = "MVale.Core.Utils.Test", "MVale.Core.Utils.Test\MVale.Core.Utils.Test.csproj", "{568D576D-6165-47B3-B4E7-A02FACC13E7C}"
EndProject
Project("{FAE04EC0-301F-11D3-BF4B-00C04F79EFBC}") = "MVale.Core.Utils.Benchmark", "MVale.Core.Utils.Benchmark\MVale.Core.Utils.Benchmark.csproj", "{D50EC50B-29C5-486C-84C9-38AE47C761BE}"
EndProject
Project("{FAE04EC0-301F-11D3-BF4B-00C04F79EFBC}") = "MVale.Core", "MVale.Core\MVale.Core.csproj", "{F55756C4-7922-44B0-BE60-B978522462C2}"
EndProject
Project("{FAE04EC0-301F-11D3-BF4B-00C04F79EFBC}") = "MVale.Core.Test", "MVale.Core.Test\MVale.Core.Test.csproj", "{EB4F2F52-F3E6-476F-ABFC-EE5FC33E0465}"
EndProject
Project("{FAE04EC0-301F-11D3-BF4B-00C04F79EFBC}") = "MVale.EFCore6", "MVale.EFCore6\MVale.EFCore6.csproj", "{A8827C1F-2B75-432C-822D-88D6ACB28BB0}"
EndProject
Project("{FAE04EC0-301F-11D3-BF4B-00C04F79EFBC}") = "MVale.EFCore7", "MVale.EFCore7\MVale.EFCore7.csproj", "{6A4854E4-2C38-4162-849E-7A9FE35E534D}"
EndProject
Project("{FAE04EC0-301F-11D3-BF4B-00C04F79EFBC}") = "MVale.EFCore3", "MVale.EFCore3\MVale.EFCore3.csproj", "{44DE5E6B-A4C8-4751-AF12-00263A66D02D}"
EndProject
Project("{FAE04EC0-301F-11D3-BF4B-00C04F79EFBC}") = "MVale.EF6", "MVale.EF6\MVale.EF6.csproj", "{436817DD-2959-43BF-AADA-B1F166221D37}"
EndProject
Project("{FAE04EC0-301F-11D3-BF4B-00C04F79EFBC}") = "MVale.EFCore3.Test", "MVale.EFCore3.Test\MVale.EFCore3.Test.csproj", "{AF3F9D94-640D-4717-AB49-DC9ED47CBF83}"
EndProject
Global
	GlobalSection(SolutionConfigurationPlatforms) = preSolution
		Debug|Any CPU = Debug|Any CPU
		Debug|x64 = Debug|x64
		Debug|x86 = Debug|x86
		Release|Any CPU = Release|Any CPU
		Release|x64 = Release|x64
		Release|x86 = Release|x86
	EndGlobalSection
	GlobalSection(SolutionProperties) = preSolution
		HideSolutionNode = FALSE
	EndGlobalSection
	GlobalSection(ProjectConfigurationPlatforms) = postSolution
		{2B1167D1-2A42-4F7C-8ED0-5AD7E38D69AA}.Debug|Any CPU.ActiveCfg = Debug|Any CPU
		{2B1167D1-2A42-4F7C-8ED0-5AD7E38D69AA}.Debug|Any CPU.Build.0 = Debug|Any CPU
		{2B1167D1-2A42-4F7C-8ED0-5AD7E38D69AA}.Debug|x64.ActiveCfg = Debug|Any CPU
		{2B1167D1-2A42-4F7C-8ED0-5AD7E38D69AA}.Debug|x64.Build.0 = Debug|Any CPU
		{2B1167D1-2A42-4F7C-8ED0-5AD7E38D69AA}.Debug|x86.ActiveCfg = Debug|Any CPU
		{2B1167D1-2A42-4F7C-8ED0-5AD7E38D69AA}.Debug|x86.Build.0 = Debug|Any CPU
		{2B1167D1-2A42-4F7C-8ED0-5AD7E38D69AA}.Release|Any CPU.ActiveCfg = Release|Any CPU
		{2B1167D1-2A42-4F7C-8ED0-5AD7E38D69AA}.Release|Any CPU.Build.0 = Release|Any CPU
		{2B1167D1-2A42-4F7C-8ED0-5AD7E38D69AA}.Release|x64.ActiveCfg = Release|Any CPU
		{2B1167D1-2A42-4F7C-8ED0-5AD7E38D69AA}.Release|x64.Build.0 = Release|Any CPU
		{2B1167D1-2A42-4F7C-8ED0-5AD7E38D69AA}.Release|x86.ActiveCfg = Release|Any CPU
		{2B1167D1-2A42-4F7C-8ED0-5AD7E38D69AA}.Release|x86.Build.0 = Release|Any CPU
		{568D576D-6165-47B3-B4E7-A02FACC13E7C}.Debug|Any CPU.ActiveCfg = Debug|Any CPU
		{568D576D-6165-47B3-B4E7-A02FACC13E7C}.Debug|Any CPU.Build.0 = Debug|Any CPU
		{568D576D-6165-47B3-B4E7-A02FACC13E7C}.Debug|x64.ActiveCfg = Debug|Any CPU
		{568D576D-6165-47B3-B4E7-A02FACC13E7C}.Debug|x64.Build.0 = Debug|Any CPU
		{568D576D-6165-47B3-B4E7-A02FACC13E7C}.Debug|x86.ActiveCfg = Debug|Any CPU
		{568D576D-6165-47B3-B4E7-A02FACC13E7C}.Debug|x86.Build.0 = Debug|Any CPU
		{568D576D-6165-47B3-B4E7-A02FACC13E7C}.Release|Any CPU.ActiveCfg = Release|Any CPU
		{568D576D-6165-47B3-B4E7-A02FACC13E7C}.Release|Any CPU.Build.0 = Release|Any CPU
		{568D576D-6165-47B3-B4E7-A02FACC13E7C}.Release|x64.ActiveCfg = Release|Any CPU
		{568D576D-6165-47B3-B4E7-A02FACC13E7C}.Release|x64.Build.0 = Release|Any CPU
		{568D576D-6165-47B3-B4E7-A02FACC13E7C}.Release|x86.ActiveCfg = Release|Any CPU
		{568D576D-6165-47B3-B4E7-A02FACC13E7C}.Release|x86.Build.0 = Release|Any CPU
		{D50EC50B-29C5-486C-84C9-38AE47C761BE}.Debug|Any CPU.ActiveCfg = Debug|Any CPU
		{D50EC50B-29C5-486C-84C9-38AE47C761BE}.Debug|Any CPU.Build.0 = Debug|Any CPU
		{D50EC50B-29C5-486C-84C9-38AE47C761BE}.Debug|x64.ActiveCfg = Debug|Any CPU
		{D50EC50B-29C5-486C-84C9-38AE47C761BE}.Debug|x64.Build.0 = Debug|Any CPU
		{D50EC50B-29C5-486C-84C9-38AE47C761BE}.Debug|x86.ActiveCfg = Debug|Any CPU
		{D50EC50B-29C5-486C-84C9-38AE47C761BE}.Debug|x86.Build.0 = Debug|Any CPU
		{D50EC50B-29C5-486C-84C9-38AE47C761BE}.Release|Any CPU.ActiveCfg = Release|Any CPU
		{D50EC50B-29C5-486C-84C9-38AE47C761BE}.Release|Any CPU.Build.0 = Release|Any CPU
		{D50EC50B-29C5-486C-84C9-38AE47C761BE}.Release|x64.ActiveCfg = Release|Any CPU
		{D50EC50B-29C5-486C-84C9-38AE47C761BE}.Release|x64.Build.0 = Release|Any CPU
		{D50EC50B-29C5-486C-84C9-38AE47C761BE}.Release|x86.ActiveCfg = Release|Any CPU
		{D50EC50B-29C5-486C-84C9-38AE47C761BE}.Release|x86.Build.0 = Release|Any CPU
		{F55756C4-7922-44B0-BE60-B978522462C2}.Debug|Any CPU.ActiveCfg = Debug|Any CPU
		{F55756C4-7922-44B0-BE60-B978522462C2}.Debug|Any CPU.Build.0 = Debug|Any CPU
		{F55756C4-7922-44B0-BE60-B978522462C2}.Debug|x64.ActiveCfg = Debug|Any CPU
		{F55756C4-7922-44B0-BE60-B978522462C2}.Debug|x64.Build.0 = Debug|Any CPU
		{F55756C4-7922-44B0-BE60-B978522462C2}.Debug|x86.ActiveCfg = Debug|Any CPU
		{F55756C4-7922-44B0-BE60-B978522462C2}.Debug|x86.Build.0 = Debug|Any CPU
		{F55756C4-7922-44B0-BE60-B978522462C2}.Release|Any CPU.ActiveCfg = Release|Any CPU
		{F55756C4-7922-44B0-BE60-B978522462C2}.Release|Any CPU.Build.0 = Release|Any CPU
		{F55756C4-7922-44B0-BE60-B978522462C2}.Release|x64.ActiveCfg = Release|Any CPU
		{F55756C4-7922-44B0-BE60-B978522462C2}.Release|x64.Build.0 = Release|Any CPU
		{F55756C4-7922-44B0-BE60-B978522462C2}.Release|x86.ActiveCfg = Release|Any CPU
		{F55756C4-7922-44B0-BE60-B978522462C2}.Release|x86.Build.0 = Release|Any CPU
		{EB4F2F52-F3E6-476F-ABFC-EE5FC33E0465}.Debug|Any CPU.ActiveCfg = Debug|Any CPU
		{EB4F2F52-F3E6-476F-ABFC-EE5FC33E0465}.Debug|Any CPU.Build.0 = Debug|Any CPU
		{EB4F2F52-F3E6-476F-ABFC-EE5FC33E0465}.Debug|x64.ActiveCfg = Debug|Any CPU
		{EB4F2F52-F3E6-476F-ABFC-EE5FC33E0465}.Debug|x64.Build.0 = Debug|Any CPU
		{EB4F2F52-F3E6-476F-ABFC-EE5FC33E0465}.Debug|x86.ActiveCfg = Debug|Any CPU
		{EB4F2F52-F3E6-476F-ABFC-EE5FC33E0465}.Debug|x86.Build.0 = Debug|Any CPU
		{EB4F2F52-F3E6-476F-ABFC-EE5FC33E0465}.Release|Any CPU.ActiveCfg = Release|Any CPU
		{EB4F2F52-F3E6-476F-ABFC-EE5FC33E0465}.Release|Any CPU.Build.0 = Release|Any CPU
		{EB4F2F52-F3E6-476F-ABFC-EE5FC33E0465}.Release|x64.ActiveCfg = Release|Any CPU
		{EB4F2F52-F3E6-476F-ABFC-EE5FC33E0465}.Release|x64.Build.0 = Release|Any CPU
		{EB4F2F52-F3E6-476F-ABFC-EE5FC33E0465}.Release|x86.ActiveCfg = Release|Any CPU
		{EB4F2F52-F3E6-476F-ABFC-EE5FC33E0465}.Release|x86.Build.0 = Release|Any CPU
		{A8827C1F-2B75-432C-822D-88D6ACB28BB0}.Debug|Any CPU.ActiveCfg = Debug|Any CPU
		{A8827C1F-2B75-432C-822D-88D6ACB28BB0}.Debug|Any CPU.Build.0 = Debug|Any CPU
		{A8827C1F-2B75-432C-822D-88D6ACB28BB0}.Debug|x64.ActiveCfg = Debug|Any CPU
		{A8827C1F-2B75-432C-822D-88D6ACB28BB0}.Debug|x64.Build.0 = Debug|Any CPU
		{A8827C1F-2B75-432C-822D-88D6ACB28BB0}.Debug|x86.ActiveCfg = Debug|Any CPU
		{A8827C1F-2B75-432C-822D-88D6ACB28BB0}.Debug|x86.Build.0 = Debug|Any CPU
		{A8827C1F-2B75-432C-822D-88D6ACB28BB0}.Release|Any CPU.ActiveCfg = Release|Any CPU
		{A8827C1F-2B75-432C-822D-88D6ACB28BB0}.Release|Any CPU.Build.0 = Release|Any CPU
		{A8827C1F-2B75-432C-822D-88D6ACB28BB0}.Release|x64.ActiveCfg = Release|Any CPU
		{A8827C1F-2B75-432C-822D-88D6ACB28BB0}.Release|x64.Build.0 = Release|Any CPU
		{A8827C1F-2B75-432C-822D-88D6ACB28BB0}.Release|x86.ActiveCfg = Release|Any CPU
		{A8827C1F-2B75-432C-822D-88D6ACB28BB0}.Release|x86.Build.0 = Release|Any CPU
		{6A4854E4-2C38-4162-849E-7A9FE35E534D}.Debug|Any CPU.ActiveCfg = Debug|Any CPU
		{6A4854E4-2C38-4162-849E-7A9FE35E534D}.Debug|Any CPU.Build.0 = Debug|Any CPU
		{6A4854E4-2C38-4162-849E-7A9FE35E534D}.Debug|x64.ActiveCfg = Debug|Any CPU
		{6A4854E4-2C38-4162-849E-7A9FE35E534D}.Debug|x64.Build.0 = Debug|Any CPU
		{6A4854E4-2C38-4162-849E-7A9FE35E534D}.Debug|x86.ActiveCfg = Debug|Any CPU
		{6A4854E4-2C38-4162-849E-7A9FE35E534D}.Debug|x86.Build.0 = Debug|Any CPU
		{6A4854E4-2C38-4162-849E-7A9FE35E534D}.Release|Any CPU.ActiveCfg = Release|Any CPU
		{6A4854E4-2C38-4162-849E-7A9FE35E534D}.Release|Any CPU.Build.0 = Release|Any CPU
		{6A4854E4-2C38-4162-849E-7A9FE35E534D}.Release|x64.ActiveCfg = Release|Any CPU
		{6A4854E4-2C38-4162-849E-7A9FE35E534D}.Release|x64.Build.0 = Release|Any CPU
		{6A4854E4-2C38-4162-849E-7A9FE35E534D}.Release|x86.ActiveCfg = Release|Any CPU
		{6A4854E4-2C38-4162-849E-7A9FE35E534D}.Release|x86.Build.0 = Release|Any CPU
		{44DE5E6B-A4C8-4751-AF12-00263A66D02D}.Debug|Any CPU.ActiveCfg = Debug|Any CPU
		{44DE5E6B-A4C8-4751-AF12-00263A66D02D}.Debug|Any CPU.Build.0 = Debug|Any CPU
		{44DE5E6B-A4C8-4751-AF12-00263A66D02D}.Debug|x64.ActiveCfg = Debug|Any CPU
		{44DE5E6B-A4C8-4751-AF12-00263A66D02D}.Debug|x64.Build.0 = Debug|Any CPU
		{44DE5E6B-A4C8-4751-AF12-00263A66D02D}.Debug|x86.ActiveCfg = Debug|Any CPU
		{44DE5E6B-A4C8-4751-AF12-00263A66D02D}.Debug|x86.Build.0 = Debug|Any CPU
		{44DE5E6B-A4C8-4751-AF12-00263A66D02D}.Release|Any CPU.ActiveCfg = Release|Any CPU
		{44DE5E6B-A4C8-4751-AF12-00263A66D02D}.Release|Any CPU.Build.0 = Release|Any CPU
		{44DE5E6B-A4C8-4751-AF12-00263A66D02D}.Release|x64.ActiveCfg = Release|Any CPU
		{44DE5E6B-A4C8-4751-AF12-00263A66D02D}.Release|x64.Build.0 = Release|Any CPU
		{44DE5E6B-A4C8-4751-AF12-00263A66D02D}.Release|x86.ActiveCfg = Release|Any CPU
		{44DE5E6B-A4C8-4751-AF12-00263A66D02D}.Release|x86.Build.0 = Release|Any CPU
		{436817DD-2959-43BF-AADA-B1F166221D37}.Debug|Any CPU.ActiveCfg = Debug|Any CPU
		{436817DD-2959-43BF-AADA-B1F166221D37}.Debug|Any CPU.Build.0 = Debug|Any CPU
		{436817DD-2959-43BF-AADA-B1F166221D37}.Debug|x64.ActiveCfg = Debug|Any CPU
		{436817DD-2959-43BF-AADA-B1F166221D37}.Debug|x64.Build.0 = Debug|Any CPU
		{436817DD-2959-43BF-AADA-B1F166221D37}.Debug|x86.ActiveCfg = Debug|Any CPU
		{436817DD-2959-43BF-AADA-B1F166221D37}.Debug|x86.Build.0 = Debug|Any CPU
		{436817DD-2959-43BF-AADA-B1F166221D37}.Release|Any CPU.ActiveCfg = Release|Any CPU
		{436817DD-2959-43BF-AADA-B1F166221D37}.Release|Any CPU.Build.0 = Release|Any CPU
		{436817DD-2959-43BF-AADA-B1F166221D37}.Release|x64.ActiveCfg = Release|Any CPU
		{436817DD-2959-43BF-AADA-B1F166221D37}.Release|x64.Build.0 = Release|Any CPU
		{436817DD-2959-43BF-AADA-B1F166221D37}.Release|x86.ActiveCfg = Release|Any CPU
		{436817DD-2959-43BF-AADA-B1F166221D37}.Release|x86.Build.0 = Release|Any CPU
		{AF3F9D94-640D-4717-AB49-DC9ED47CBF83}.Debug|Any CPU.ActiveCfg = Debug|Any CPU
		{AF3F9D94-640D-4717-AB49-DC9ED47CBF83}.Debug|Any CPU.Build.0 = Debug|Any CPU
		{AF3F9D94-640D-4717-AB49-DC9ED47CBF83}.Debug|x64.ActiveCfg = Debug|Any CPU
		{AF3F9D94-640D-4717-AB49-DC9ED47CBF83}.Debug|x64.Build.0 = Debug|Any CPU
		{AF3F9D94-640D-4717-AB49-DC9ED47CBF83}.Debug|x86.ActiveCfg = Debug|Any CPU
		{AF3F9D94-640D-4717-AB49-DC9ED47CBF83}.Debug|x86.Build.0 = Debug|Any CPU
		{AF3F9D94-640D-4717-AB49-DC9ED47CBF83}.Release|Any CPU.ActiveCfg = Release|Any CPU
		{AF3F9D94-640D-4717-AB49-DC9ED47CBF83}.Release|Any CPU.Build.0 = Release|Any CPU
		{AF3F9D94-640D-4717-AB49-DC9ED47CBF83}.Release|x64.ActiveCfg = Release|Any CPU
		{AF3F9D94-640D-4717-AB49-DC9ED47CBF83}.Release|x64.Build.0 = Release|Any CPU
		{AF3F9D94-640D-4717-AB49-DC9ED47CBF83}.Release|x86.ActiveCfg = Release|Any CPU
		{AF3F9D94-640D-4717-AB49-DC9ED47CBF83}.Release|x86.Build.0 = Release|Any CPU
	EndGlobalSection
EndGlobal
